
Microsoft Visual Studio Solution File, Format Version 12.00
# Visual Studio Version 17
VisualStudioVersion = 17.11.35312.102
MinimumVisualStudioVersion = 10.0.40219.1
Project("{FAE04EC0-301F-11D3-BF4B-00C04F79EFBC}") = "hotel1", "hotel1.csproj", "{DF8EEF4D-8289-4315-B366-4E2E90127547}"
EndProject
Global
	GlobalSection(SolutionConfigurationPlatforms) = preSolution
		Debug|Any CPU = Debug|Any CPU
		Release|Any CPU = Release|Any CPU
	EndGlobalSection
	GlobalSection(ProjectConfigurationPlatforms) = postSolution
		{DF8EEF4D-8289-4315-B366-4E2E90127547}.Debug|Any CPU.ActiveCfg = Debug|Any CPU
		{DF8EEF4D-8289-4315-B366-4E2E90127547}.Debug|Any CPU.Build.0 = Debug|Any CPU
		{DF8EEF4D-8289-4315-B366-4E2E90127547}.Release|Any CPU.ActiveCfg = Release|Any CPU
		{DF8EEF4D-8289-4315-B366-4E2E90127547}.Release|Any CPU.Build.0 = Release|Any CPU
	EndGlobalSection
	GlobalSection(SolutionProperties) = preSolution
		HideSolutionNode = FALSE
	EndGlobalSection
	GlobalSection(ExtensibilityGlobals) = postSolution
		SolutionGuid = {A01C621E-C9E9-4895-AA69-55E49AB246BB}
	EndGlobalSection
EndGlobal
